
Microsoft Visual Studio Solution File, Format Version 12.00
# Visual Studio Version 17
VisualStudioVersion = 17.3.32901.215
MinimumVisualStudioVersion = 10.0.40219.1
Project("{9A19103F-16F7-4668-BE54-9A1E7A4F7556}") = "ModelLayer", "BusinessLogic\ModelLayer.csproj", "{186F9CD6-2631-409B-BA8F-F9AB400552E2}"
EndProject
Project("{FAE04EC0-301F-11D3-BF4B-00C04F79EFBC}") = "RepositoryLayer", "RepositoryLayer\RepositoryLayer.csproj", "{B135D1B8-B945-497D-8AB7-914EA149D0D4}"
EndProject
Project("{FAE04EC0-301F-11D3-BF4B-00C04F79EFBC}") = "BusinessLogicLayer", "BusinessLogicLayer\BusinessLogicLayer.csproj", "{A77EFD01-42B9-4FA2-B5B3-C666179A60AB}"
EndProject
Project("{FAE04EC0-301F-11D3-BF4B-00C04F79EFBC}") = "APILayer", "APILayer\APILayer.csproj", "{31B79807-2BE6-4060-BE59-A90E250748DE}"
EndProject
Global
	GlobalSection(SolutionConfigurationPlatforms) = preSolution
		Debug|Any CPU = Debug|Any CPU
		Release|Any CPU = Release|Any CPU
	EndGlobalSection
	GlobalSection(ProjectConfigurationPlatforms) = postSolution
		{186F9CD6-2631-409B-BA8F-F9AB400552E2}.Debug|Any CPU.ActiveCfg = Debug|Any CPU
		{186F9CD6-2631-409B-BA8F-F9AB400552E2}.Debug|Any CPU.Build.0 = Debug|Any CPU
		{186F9CD6-2631-409B-BA8F-F9AB400552E2}.Release|Any CPU.ActiveCfg = Release|Any CPU
		{186F9CD6-2631-409B-BA8F-F9AB400552E2}.Release|Any CPU.Build.0 = Release|Any CPU
		{B135D1B8-B945-497D-8AB7-914EA149D0D4}.Debug|Any CPU.ActiveCfg = Debug|Any CPU
		{B135D1B8-B945-497D-8AB7-914EA149D0D4}.Debug|Any CPU.Build.0 = Debug|Any CPU
		{B135D1B8-B945-497D-8AB7-914EA149D0D4}.Release|Any CPU.ActiveCfg = Release|Any CPU
		{B135D1B8-B945-497D-8AB7-914EA149D0D4}.Release|Any CPU.Build.0 = Release|Any CPU
		{A77EFD01-42B9-4FA2-B5B3-C666179A60AB}.Debug|Any CPU.ActiveCfg = Debug|Any CPU
		{A77EFD01-42B9-4FA2-B5B3-C666179A60AB}.Debug|Any CPU.Build.0 = Debug|Any CPU
		{A77EFD01-42B9-4FA2-B5B3-C666179A60AB}.Release|Any CPU.ActiveCfg = Release|Any CPU
		{A77EFD01-42B9-4FA2-B5B3-C666179A60AB}.Release|Any CPU.Build.0 = Release|Any CPU
		{31B79807-2BE6-4060-BE59-A90E250748DE}.Debug|Any CPU.ActiveCfg = Debug|Any CPU
		{31B79807-2BE6-4060-BE59-A90E250748DE}.Debug|Any CPU.Build.0 = Debug|Any CPU
		{31B79807-2BE6-4060-BE59-A90E250748DE}.Release|Any CPU.ActiveCfg = Release|Any CPU
		{31B79807-2BE6-4060-BE59-A90E250748DE}.Release|Any CPU.Build.0 = Release|Any CPU
	EndGlobalSection
	GlobalSection(SolutionProperties) = preSolution
		HideSolutionNode = FALSE
	EndGlobalSection
	GlobalSection(ExtensibilityGlobals) = postSolution
		SolutionGuid = {99908D70-8245-47C5-98C1-850DA0324727}
	EndGlobalSection
EndGlobal
